
Microsoft Visual Studio Solution File, Format Version 12.00
# Visual Studio 15
VisualStudioVersion = 15.0.28307.421
MinimumVisualStudioVersion = 10.0.40219.1
Project("{F2A71F9B-5D33-465A-A702-920D77279786}") = "ConsoleApp3", "ConsoleApp3\ConsoleApp3.fsproj", "{69495288-10E5-4958-86D1-7B304306A706}"
EndProject
Project("{F2A71F9B-5D33-465A-A702-920D77279786}") = "ClassLibrary1", "ClassLibrary1\ClassLibrary1.fsproj", "{7D8F1ED0-2B0C-4C68-B0AE-D32CF8F8CA9E}"
EndProject
Global
	GlobalSection(SolutionConfigurationPlatforms) = preSolution
		Debug|Any CPU = Debug|Any CPU
		Release|Any CPU = Release|Any CPU
	EndGlobalSection
	GlobalSection(ProjectConfigurationPlatforms) = postSolution
		{69495288-10E5-4958-86D1-7B304306A706}.Debug|Any CPU.ActiveCfg = Debug|Any CPU
		{69495288-10E5-4958-86D1-7B304306A706}.Debug|Any CPU.Build.0 = Debug|Any CPU
		{69495288-10E5-4958-86D1-7B304306A706}.Release|Any CPU.ActiveCfg = Release|Any CPU
		{69495288-10E5-4958-86D1-7B304306A706}.Release|Any CPU.Build.0 = Release|Any CPU
		{7D8F1ED0-2B0C-4C68-B0AE-D32CF8F8CA9E}.Debug|Any CPU.ActiveCfg = Debug|Any CPU
		{7D8F1ED0-2B0C-4C68-B0AE-D32CF8F8CA9E}.Debug|Any CPU.Build.0 = Debug|Any CPU
		{7D8F1ED0-2B0C-4C68-B0AE-D32CF8F8CA9E}.Release|Any CPU.ActiveCfg = Release|Any CPU
		{7D8F1ED0-2B0C-4C68-B0AE-D32CF8F8CA9E}.Release|Any CPU.Build.0 = Release|Any CPU
	EndGlobalSection
	GlobalSection(SolutionProperties) = preSolution
		HideSolutionNode = FALSE
	EndGlobalSection
	GlobalSection(ExtensibilityGlobals) = postSolution
		SolutionGuid = {255EC3AB-BD22-4108-BCA3-DB807CA35EF0}
	EndGlobalSection
EndGlobal
